// !$*UTF8*$!
{
	archiveVersion = 1;
	classes = {
	};
	objectVersion = 50;
	objects = {

/* Begin PBXBuildFile section */
		4E507E6A242C755C00FE2AC0 /* AppDelegate.swift in Sources */ = {isa = PBXBuildFile; fileRef = 4E507E69242C755C00FE2AC0 /* AppDelegate.swift */; };
		4E507E6C242C755C00FE2AC0 /* GameScene.sks in Resources */ = {isa = PBXBuildFile; fileRef = 4E507E6B242C755C00FE2AC0 /* GameScene.sks */; };
		4E507E70242C755C00FE2AC0 /* GameScene.swift in Sources */ = {isa = PBXBuildFile; fileRef = 4E507E6F242C755C00FE2AC0 /* GameScene.swift */; };
		4E507E72242C755C00FE2AC0 /* GameViewController.swift in Sources */ = {isa = PBXBuildFile; fileRef = 4E507E71242C755C00FE2AC0 /* GameViewController.swift */; };
		4E507E75242C755C00FE2AC0 /* Main.storyboard in Resources */ = {isa = PBXBuildFile; fileRef = 4E507E73242C755C00FE2AC0 /* Main.storyboard */; };
		4E507E77242C755E00FE2AC0 /* Assets.xcassets in Resources */ = {isa = PBXBuildFile; fileRef = 4E507E76242C755E00FE2AC0 /* Assets.xcassets */; };
		4E507E7A242C755E00FE2AC0 /* LaunchScreen.storyboard in Resources */ = {isa = PBXBuildFile; fileRef = 4E507E78242C755E00FE2AC0 /* LaunchScreen.storyboard */; };
		4E507E85242C755E00FE2AC0 /* jumping_soonansTests.swift in Sources */ = {isa = PBXBuildFile; fileRef = 4E507E84242C755E00FE2AC0 /* jumping_soonansTests.swift */; };
		4E507E90242C755E00FE2AC0 /* jumping_soonansUITests.swift in Sources */ = {isa = PBXBuildFile; fileRef = 4E507E8F242C755E00FE2AC0 /* jumping_soonansUITests.swift */; };
		4E507E9F242C75DA00FE2AC0 /* P202_sonans.png in Resources */ = {isa = PBXBuildFile; fileRef = 4E507E9E242C75DA00FE2AC0 /* P202_sonans.png */; };
		4E507EA1242C930E00FE2AC0 /* monbo.png in Resources */ = {isa = PBXBuildFile; fileRef = 4E507EA0242C930E00FE2AC0 /* monbo.png */; };
/* End PBXBuildFile section */

/* Begin PBXContainerItemProxy section */
		4E507E81242C755E00FE2AC0 /* PBXContainerItemProxy */ = {
			isa = PBXContainerItemProxy;
			containerPortal = 4E507E5E242C755C00FE2AC0 /* Project object */;
			proxyType = 1;
			remoteGlobalIDString = 4E507E65242C755C00FE2AC0;
			remoteInfo = "jumping soonans";
		};
		4E507E8C242C755E00FE2AC0 /* PBXContainerItemProxy */ = {
			isa = PBXContainerItemProxy;
			containerPortal = 4E507E5E242C755C00FE2AC0 /* Project object */;
			proxyType = 1;
			remoteGlobalIDString = 4E507E65242C755C00FE2AC0;
			remoteInfo = "jumping soonans";
		};
/* End PBXContainerItemProxy section */

/* Begin PBXFileReference section */
		4E507E66242C755C00FE2AC0 /* jumping soonans.app */ = {isa = PBXFileReference; explicitFileType = wrapper.application; includeInIndex = 0; path = "jumping soonans.app"; sourceTree = BUILT_PRODUCTS_DIR; };
		4E507E69242C755C00FE2AC0 /* AppDelegate.swift */ = {isa = PBXFileReference; lastKnownFileType = sourcecode.swift; path = AppDelegate.swift; sourceTree = "<group>"; };
		4E507E6B242C755C00FE2AC0 /* GameScene.sks */ = {isa = PBXFileReference; lastKnownFileType = file.sks; path = GameScene.sks; sourceTree = "<group>"; };
		4E507E6F242C755C00FE2AC0 /* GameScene.swift */ = {isa = PBXFileReference; lastKnownFileType = sourcecode.swift; path = GameScene.swift; sourceTree = "<group>"; };
		4E507E71242C755C00FE2AC0 /* GameViewController.swift */ = {isa = PBXFileReference; lastKnownFileType = sourcecode.swift; path = GameViewController.swift; sourceTree = "<group>"; };
		4E507E74242C755C00FE2AC0 /* Base */ = {isa = PBXFileReference; lastKnownFileType = file.storyboard; name = Base; path = Base.lproj/Main.storyboard; sourceTree = "<group>"; };
		4E507E76242C755E00FE2AC0 /* Assets.xcassets */ = {isa = PBXFileReference; lastKnownFileType = folder.assetcatalog; path = Assets.xcassets; sourceTree = "<group>"; };
		4E507E79242C755E00FE2AC0 /* Base */ = {isa = PBXFileReference; lastKnownFileType = file.storyboard; name = Base; path = Base.lproj/LaunchScreen.storyboard; sourceTree = "<group>"; };
		4E507E7B242C755E00FE2AC0 /* Info.plist */ = {isa = PBXFileReference; lastKnownFileType = text.plist.xml; path = Info.plist; sourceTree = "<group>"; };
		4E507E80242C755E00FE2AC0 /* jumping soonansTests.xctest */ = {isa = PBXFileReference; explicitFileType = wrapper.cfbundle; includeInIndex = 0; path = "jumping soonansTests.xctest"; sourceTree = BUILT_PRODUCTS_DIR; };
		4E507E84242C755E00FE2AC0 /* jumping_soonansTests.swift */ = {isa = PBXFileReference; lastKnownFileType = sourcecode.swift; path = jumping_soonansTests.swift; sourceTree = "<group>"; };
		4E507E86242C755E00FE2AC0 /* Info.plist */ = {isa = PBXFileReference; lastKnownFileType = text.plist.xml; path = Info.plist; sourceTree = "<group>"; };
		4E507E8B242C755E00FE2AC0 /* jumping soonansUITests.xctest */ = {isa = PBXFileReference; explicitFileType = wrapper.cfbundle; includeInIndex = 0; path = "jumping soonansUITests.xctest"; sourceTree = BUILT_PRODUCTS_DIR; };
		4E507E8F242C755E00FE2AC0 /* jumping_soonansUITests.swift */ = {isa = PBXFileReference; lastKnownFileType = sourcecode.swift; path = jumping_soonansUITests.swift; sourceTree = "<group>"; };
		4E507E91242C755E00FE2AC0 /* Info.plist */ = {isa = PBXFileReference; lastKnownFileType = text.plist.xml; path = Info.plist; sourceTree = "<group>"; };
		4E507E9E242C75DA00FE2AC0 /* P202_sonans.png */ = {isa = PBXFileReference; lastKnownFileType = image.png; path = P202_sonans.png; sourceTree = "<group>"; };
		4E507EA0242C930E00FE2AC0 /* monbo.png */ = {isa = PBXFileReference; lastKnownFileType = image.png; path = monbo.png; sourceTree = "<group>"; };
/* End PBXFileReference section */

/* Begin PBXFrameworksBuildPhase section */
		4E507E63242C755C00FE2AC0 /* Frameworks */ = {
			isa = PBXFrameworksBuildPhase;
			buildActionMask = 2147483647;
			files = (
			);
			runOnlyForDeploymentPostprocessing = 0;
		};
		4E507E7D242C755E00FE2AC0 /* Frameworks */ = {
			isa = PBXFrameworksBuildPhase;
			buildActionMask = 2147483647;
			files = (
			);
			runOnlyForDeploymentPostprocessing = 0;
		};
		4E507E88242C755E00FE2AC0 /* Frameworks */ = {
			isa = PBXFrameworksBuildPhase;
			buildActionMask = 2147483647;
			files = (
			);
			runOnlyForDeploymentPostprocessing = 0;
		};
/* End PBXFrameworksBuildPhase section */

/* Begin PBXGroup section */
		4E507E5D242C755C00FE2AC0 = {
			isa = PBXGroup;
			children = (
				4E507E9D242C756C00FE2AC0 /* Resouces */,
				4E507E68242C755C00FE2AC0 /* jumping soonans */,
				4E507E83242C755E00FE2AC0 /* jumping soonansTests */,
				4E507E8E242C755E00FE2AC0 /* jumping soonansUITests */,
				4E507E67242C755C00FE2AC0 /* Products */,
			);
			sourceTree = "<group>";
		};
		4E507E67242C755C00FE2AC0 /* Products */ = {
			isa = PBXGroup;
			children = (
				4E507E66242C755C00FE2AC0 /* jumping soonans.app */,
				4E507E80242C755E00FE2AC0 /* jumping soonansTests.xctest */,
				4E507E8B242C755E00FE2AC0 /* jumping soonansUITests.xctest */,
			);
			name = Products;
			sourceTree = "<group>";
		};
		4E507E68242C755C00FE2AC0 /* jumping soonans */ = {
			isa = PBXGroup;
			children = (
				4E507E69242C755C00FE2AC0 /* AppDelegate.swift */,
				4E507E6B242C755C00FE2AC0 /* GameScene.sks */,
				4E507E6F242C755C00FE2AC0 /* GameScene.swift */,
				4E507E71242C755C00FE2AC0 /* GameViewController.swift */,
				4E507E73242C755C00FE2AC0 /* Main.storyboard */,
				4E507E76242C755E00FE2AC0 /* Assets.xcassets */,
				4E507E78242C755E00FE2AC0 /* LaunchScreen.storyboard */,
				4E507E7B242C755E00FE2AC0 /* Info.plist */,
			);
			path = "jumping soonans";
			sourceTree = "<group>";
		};
		4E507E83242C755E00FE2AC0 /* jumping soonansTests */ = {
			isa = PBXGroup;
			children = (
				4E507E84242C755E00FE2AC0 /* jumping_soonansTests.swift */,
				4E507E86242C755E00FE2AC0 /* Info.plist */,
			);
			path = "jumping soonansTests";
			sourceTree = "<group>";
		};
		4E507E8E242C755E00FE2AC0 /* jumping soonansUITests */ = {
			isa = PBXGroup;
			children = (
				4E507E8F242C755E00FE2AC0 /* jumping_soonansUITests.swift */,
				4E507E91242C755E00FE2AC0 /* Info.plist */,
			);
			path = "jumping soonansUITests";
			sourceTree = "<group>";
		};
		4E507E9D242C756C00FE2AC0 /* Resouces */ = {
			isa = PBXGroup;
			children = (
				4E507E9E242C75DA00FE2AC0 /* P202_sonans.png */,
				4E507EA0242C930E00FE2AC0 /* monbo.png */,
			);
			path = Resouces;
			sourceTree = "<group>";
		};
/* End PBXGroup section */

/* Begin PBXNativeTarget section */
		4E507E65242C755C00FE2AC0 /* jumping soonans */ = {
			isa = PBXNativeTarget;
			buildConfigurationList = 4E507E94242C755E00FE2AC0 /* Build configuration list for PBXNativeTarget "jumping soonans" */;
			buildPhases = (
				4E507E62242C755C00FE2AC0 /* Sources */,
				4E507E63242C755C00FE2AC0 /* Frameworks */,
				4E507E64242C755C00FE2AC0 /* Resources */,
			);
			buildRules = (
			);
			dependencies = (
			);
			name = "jumping soonans";
			productName = "jumping soonans";
			productReference = 4E507E66242C755C00FE2AC0 /* jumping soonans.app */;
			productType = "com.apple.product-type.application";
		};
		4E507E7F242C755E00FE2AC0 /* jumping soonansTests */ = {
			isa = PBXNativeTarget;
			buildConfigurationList = 4E507E97242C755E00FE2AC0 /* Build configuration list for PBXNativeTarget "jumping soonansTests" */;
			buildPhases = (
				4E507E7C242C755E00FE2AC0 /* Sources */,
				4E507E7D242C755E00FE2AC0 /* Frameworks */,
				4E507E7E242C755E00FE2AC0 /* Resources */,
			);
			buildRules = (
			);
			dependencies = (
				4E507E82242C755E00FE2AC0 /* PBXTargetDependency */,
			);
			name = "jumping soonansTests";
			productName = "jumping soonansTests";
			productReference = 4E507E80242C755E00FE2AC0 /* jumping soonansTests.xctest */;
			productType = "com.apple.product-type.bundle.unit-test";
		};
		4E507E8A242C755E00FE2AC0 /* jumping soonansUITests */ = {
			isa = PBXNativeTarget;
			buildConfigurationList = 4E507E9A242C755E00FE2AC0 /* Build configuration list for PBXNativeTarget "jumping soonansUITests" */;
			buildPhases = (
				4E507E87242C755E00FE2AC0 /* Sources */,
				4E507E88242C755E00FE2AC0 /* Frameworks */,
				4E507E89242C755E00FE2AC0 /* Resources */,
			);
			buildRules = (
			);
			dependencies = (
				4E507E8D242C755E00FE2AC0 /* PBXTargetDependency */,
			);
			name = "jumping soonansUITests";
			productName = "jumping soonansUITests";
			productReference = 4E507E8B242C755E00FE2AC0 /* jumping soonansUITests.xctest */;
			productType = "com.apple.product-type.bundle.ui-testing";
		};
/* End PBXNativeTarget section */

/* Begin PBXProject section */
		4E507E5E242C755C00FE2AC0 /* Project object */ = {
			isa = PBXProject;
			attributes = {
				LastSwiftUpdateCheck = 1140;
				LastUpgradeCheck = 1140;
				ORGANIZATIONNAME = Manabu;
				TargetAttributes = {
					4E507E65242C755C00FE2AC0 = {
						CreatedOnToolsVersion = 11.4;
					};
					4E507E7F242C755E00FE2AC0 = {
						CreatedOnToolsVersion = 11.4;
						TestTargetID = 4E507E65242C755C00FE2AC0;
					};
					4E507E8A242C755E00FE2AC0 = {
						CreatedOnToolsVersion = 11.4;
						TestTargetID = 4E507E65242C755C00FE2AC0;
					};
				};
			};
			buildConfigurationList = 4E507E61242C755C00FE2AC0 /* Build configuration list for PBXProject "jumping soonans" */;
			compatibilityVersion = "Xcode 9.3";
			developmentRegion = en;
			hasScannedForEncodings = 0;
			knownRegions = (
				en,
				Base,
			);
			mainGroup = 4E507E5D242C755C00FE2AC0;
			productRefGroup = 4E507E67242C755C00FE2AC0 /* Products */;
			projectDirPath = "";
			projectRoot = "";
			targets = (
				4E507E65242C755C00FE2AC0 /* jumping soonans */,
				4E507E7F242C755E00FE2AC0 /* jumping soonansTests */,
				4E507E8A242C755E00FE2AC0 /* jumping soonansUITests */,
			);
		};
/* End PBXProject section */

/* Begin PBXResourcesBuildPhase section */
		4E507E64242C755C00FE2AC0 /* Resources */ = {
			isa = PBXResourcesBuildPhase;
			buildActionMask = 2147483647;
			files = (
				4E507E75242C755C00FE2AC0 /* Main.storyboard in Resources */,
				4E507E6C242C755C00FE2AC0 /* GameScene.sks in Resources */,
				4E507E77242C755E00FE2AC0 /* Assets.xcassets in Resources */,
				4E507E7A242C755E00FE2AC0 /* LaunchScreen.storyboard in Resources */,
				4E507E9F242C75DA00FE2AC0 /* P202_sonans.png in Resources */,
				4E507EA1242C930E00FE2AC0 /* monbo.png in Resources */,
			);
			runOnlyForDeploymentPostprocessing = 0;
		};
		4E507E7E242C755E00FE2AC0 /* Resources */ = {
			isa = PBXResourcesBuildPhase;
			buildActionMask = 2147483647;
			files = (
			);
			runOnlyForDeploymentPostprocessing = 0;
		};
		4E507E89242C755E00FE2AC0 /* Resources */ = {
			isa = PBXResourcesBuildPhase;
			buildActionMask = 2147483647;
			files = (
			);
			runOnlyForDeploymentPostprocessing = 0;
		};
/* End PBXResourcesBuildPhase section */

/* Begin PBXSourcesBuildPhase section */
		4E507E62242C755C00FE2AC0 /* Sources */ = {
			isa = PBXSourcesBuildPhase;
			buildActionMask = 2147483647;
			files = (
				4E507E70242C755C00FE2AC0 /* GameScene.swift in Sources */,
				4E507E72242C755C00FE2AC0 /* GameViewController.swift in Sources */,
				4E507E6A242C755C00FE2AC0 /* AppDelegate.swift in Sources */,
			);
			runOnlyForDeploymentPostprocessing = 0;
		};
		4E507E7C242C755E00FE2AC0 /* Sources */ = {
			isa = PBXSourcesBuildPhase;
			buildActionMask = 2147483647;
			files = (
				4E507E85242C755E00FE2AC0 /* jumping_soonansTests.swift in Sources */,
			);
			runOnlyForDeploymentPostprocessing = 0;
		};
		4E507E87242C755E00FE2AC0 /* Sources */ = {
			isa = PBXSourcesBuildPhase;
			buildActionMask = 2147483647;
			files = (
				4E507E90242C755E00FE2AC0 /* jumping_soonansUITests.swift in Sources */,
			);
			runOnlyForDeploymentPostprocessing = 0;
		};
/* End PBXSourcesBuildPhase section */

/* Begin PBXTargetDependency section */
		4E507E82242C755E00FE2AC0 /* PBXTargetDependency */ = {
			isa = PBXTargetDependency;
			target = 4E507E65242C755C00FE2AC0 /* jumping soonans */;
			targetProxy = 4E507E81242C755E00FE2AC0 /* PBXContainerItemProxy */;
		};
		4E507E8D242C755E00FE2AC0 /* PBXTargetDependency */ = {
			isa = PBXTargetDependency;
			target = 4E507E65242C755C00FE2AC0 /* jumping soonans */;
			targetProxy = 4E507E8C242C755E00FE2AC0 /* PBXContainerItemProxy */;
		};
/* End PBXTargetDependency section */

/* Begin PBXVariantGroup section */
		4E507E73242C755C00FE2AC0 /* Main.storyboard */ = {
			isa = PBXVariantGroup;
			children = (
				4E507E74242C755C00FE2AC0 /* Base */,
			);
			name = Main.storyboard;
			sourceTree = "<group>";
		};
		4E507E78242C755E00FE2AC0 /* LaunchScreen.storyboard */ = {
			isa = PBXVariantGroup;
			children = (
				4E507E79242C755E00FE2AC0 /* Base */,
			);
			name = LaunchScreen.storyboard;
			sourceTree = "<group>";
		};
/* End PBXVariantGroup section */

/* Begin XCBuildConfiguration section */
		4E507E92242C755E00FE2AC0 /* Debug */ = {
			isa = XCBuildConfiguration;
			buildSettings = {
				ALWAYS_SEARCH_USER_PATHS = NO;
				CLANG_ANALYZER_NONNULL = YES;
				CLANG_ANALYZER_NUMBER_OBJECT_CONVERSION = YES_AGGRESSIVE;
				CLANG_CXX_LANGUAGE_STANDARD = "gnu++14";
				CLANG_CXX_LIBRARY = "libc++";
				CLANG_ENABLE_MODULES = YES;
				CLANG_ENABLE_OBJC_ARC = YES;
				CLANG_ENABLE_OBJC_WEAK = YES;
				CLANG_WARN_BLOCK_CAPTURE_AUTORELEASING = YES;
				CLANG_WARN_BOOL_CONVERSION = YES;
				CLANG_WARN_COMMA = YES;
				CLANG_WARN_CONSTANT_CONVERSION = YES;
				CLANG_WARN_DEPRECATED_OBJC_IMPLEMENTATIONS = YES;
				CLANG_WARN_DIRECT_OBJC_ISA_USAGE = YES_ERROR;
				CLANG_WARN_DOCUMENTATION_COMMENTS = YES;
				CLANG_WARN_EMPTY_BODY = YES;
				CLANG_WARN_ENUM_CONVERSION = YES;
				CLANG_WARN_INFINITE_RECURSION = YES;
				CLANG_WARN_INT_CONVERSION = YES;
				CLANG_WARN_NON_LITERAL_NULL_CONVERSION = YES;
				CLANG_WARN_OBJC_IMPLICIT_RETAIN_SELF = YES;
				CLANG_WARN_OBJC_LITERAL_CONVERSION = YES;
				CLANG_WARN_OBJC_ROOT_CLASS = YES_ERROR;
				CLANG_WARN_RANGE_LOOP_ANALYSIS = YES;
				CLANG_WARN_STRICT_PROTOTYPES = YES;
				CLANG_WARN_SUSPICIOUS_MOVE = YES;
				CLANG_WARN_UNGUARDED_AVAILABILITY = YES_AGGRESSIVE;
				CLANG_WARN_UNREACHABLE_CODE = YES;
				CLANG_WARN__DUPLICATE_METHOD_MATCH = YES;
				COPY_PHASE_STRIP = NO;
				DEBUG_INFORMATION_FORMAT = dwarf;
				ENABLE_STRICT_OBJC_MSGSEND = YES;
				ENABLE_TESTABILITY = YES;
				GCC_C_LANGUAGE_STANDARD = gnu11;
				GCC_DYNAMIC_NO_PIC = NO;
				GCC_NO_COMMON_BLOCKS = YES;
				GCC_OPTIMIZATION_LEVEL = 0;
				GCC_PREPROCESSOR_DEFINITIONS = (
					"DEBUG=1",
					"$(inherited)",
				);
				GCC_WARN_64_TO_32_BIT_CONVERSION = YES;
				GCC_WARN_ABOUT_RETURN_TYPE = YES_ERROR;
				GCC_WARN_UNDECLARED_SELECTOR = YES;
				GCC_WARN_UNINITIALIZED_AUTOS = YES_AGGRESSIVE;
				GCC_WARN_UNUSED_FUNCTION = YES;
				GCC_WARN_UNUSED_VARIABLE = YES;
				IPHONEOS_DEPLOYMENT_TARGET = 13.4;
				MTL_ENABLE_DEBUG_INFO = INCLUDE_SOURCE;
				MTL_FAST_MATH = YES;
				ONLY_ACTIVE_ARCH = YES;
				SDKROOT = iphoneos;
				SWIFT_ACTIVE_COMPILATION_CONDITIONS = DEBUG;
				SWIFT_OPTIMIZATION_LEVEL = "-Onone";
			};
			name = Debug;
		};
		4E507E93242C755E00FE2AC0 /* Release */ = {
			isa = XCBuildConfiguration;
			buildSettings = {
				ALWAYS_SEARCH_USER_PATHS = NO;
				CLANG_ANALYZER_NONNULL = YES;
				CLANG_ANALYZER_NUMBER_OBJECT_CONVERSION = YES_AGGRESSIVE;
				CLANG_CXX_LANGUAGE_STANDARD = "gnu++14";
				CLANG_CXX_LIBRARY = "libc++";
				CLANG_ENABLE_MODULES = YES;
				CLANG_ENABLE_OBJC_ARC = YES;
				CLANG_ENABLE_OBJC_WEAK = YES;
				CLANG_WARN_BLOCK_CAPTURE_AUTORELEASING = YES;
				CLANG_WARN_BOOL_CONVERSION = YES;
				CLANG_WARN_COMMA = YES;
				CLANG_WARN_CONSTANT_CONVERSION = YES;
				CLANG_WARN_DEPRECATED_OBJC_IMPLEMENTATIONS = YES;
				CLANG_WARN_DIRECT_OBJC_ISA_USAGE = YES_ERROR;
				CLANG_WARN_DOCUMENTATION_COMMENTS = YES;
				CLANG_WARN_EMPTY_BODY = YES;
				CLANG_WARN_ENUM_CONVERSION = YES;
				CLANG_WARN_INFINITE_RECURSION = YES;
				CLANG_WARN_INT_CONVERSION = YES;
				CLANG_WARN_NON_LITERAL_NULL_CONVERSION = YES;
				CLANG_WARN_OBJC_IMPLICIT_RETAIN_SELF = YES;
				CLANG_WARN_OBJC_LITERAL_CONVERSION = YES;
				CLANG_WARN_OBJC_ROOT_CLASS = YES_ERROR;
				CLANG_WARN_RANGE_LOOP_ANALYSIS = YES;
				CLANG_WARN_STRICT_PROTOTYPES = YES;
				CLANG_WARN_SUSPICIOUS_MOVE = YES;
				CLANG_WARN_UNGUARDED_AVAILABILITY = YES_AGGRESSIVE;
				CLANG_WARN_UNREACHABLE_CODE = YES;
				CLANG_WARN__DUPLICATE_METHOD_MATCH = YES;
				COPY_PHASE_STRIP = NO;
				DEBUG_INFORMATION_FORMAT = "dwarf-with-dsym";
				ENABLE_NS_ASSERTIONS = NO;
				ENABLE_STRICT_OBJC_MSGSEND = YES;
				GCC_C_LANGUAGE_STANDARD = gnu11;
				GCC_NO_COMMON_BLOCKS = YES;
				GCC_WARN_64_TO_32_BIT_CONVERSION = YES;
				GCC_WARN_ABOUT_RETURN_TYPE = YES_ERROR;
				GCC_WARN_UNDECLARED_SELECTOR = YES;
				GCC_WARN_UNINITIALIZED_AUTOS = YES_AGGRESSIVE;
				GCC_WARN_UNUSED_FUNCTION = YES;
				GCC_WARN_UNUSED_VARIABLE = YES;
				IPHONEOS_DEPLOYMENT_TARGET = 13.4;
				MTL_ENABLE_DEBUG_INFO = NO;
				MTL_FAST_MATH = YES;
				SDKROOT = iphoneos;
				SWIFT_COMPILATION_MODE = wholemodule;
				SWIFT_OPTIMIZATION_LEVEL = "-O";
				VALIDATE_PRODUCT = YES;
			};
			name = Release;
		};
		4E507E95242C755E00FE2AC0 /* Debug */ = {
			isa = XCBuildConfiguration;
			buildSettings = {
				ASSETCATALOG_COMPILER_APPICON_NAME = AppIcon;
				CODE_SIGN_STYLE = Automatic;
				DEVELOPMENT_TEAM = 696D4PDPNP;
				INFOPLIST_FILE = "jumping soonans/Info.plist";
				LD_RUNPATH_SEARCH_PATHS = (
					"$(inherited)",
					"@executable_path/Frameworks",
				);
				PRODUCT_BUNDLE_IDENTIFIER = "com.manabu.abe.jumping-soonans";
				PRODUCT_NAME = "$(TARGET_NAME)";
				SWIFT_VERSION = 5.0;
				TARGETED_DEVICE_FAMILY = "1,2";
			};
			name = Debug;
		};
		4E507E96242C755E00FE2AC0 /* Release */ = {
			isa = XCBuildConfiguration;
			buildSettings = {
				ASSETCATALOG_COMPILER_APPICON_NAME = AppIcon;
				CODE_SIGN_STYLE = Automatic;
				DEVELOPMENT_TEAM = 696D4PDPNP;
				INFOPLIST_FILE = "jumping soonans/Info.plist";
				LD_RUNPATH_SEARCH_PATHS = (
					"$(inherited)",
					"@executable_path/Frameworks",
				);
				PRODUCT_BUNDLE_IDENTIFIER = "com.manabu.abe.jumping-soonans";
				PRODUCT_NAME = "$(TARGET_NAME)";
				SWIFT_VERSION = 5.0;
				TARGETED_DEVICE_FAMILY = "1,2";
			};
			name = Release;
		};
		4E507E98242C755E00FE2AC0 /* Debug */ = {
			isa = XCBuildConfiguration;
			buildSettings = {
				ALWAYS_EMBED_SWIFT_STANDARD_LIBRARIES = YES;
				BUNDLE_LOADER = "$(TEST_HOST)";
				CODE_SIGN_STYLE = Automatic;
				DEVELOPMENT_TEAM = 696D4PDPNP;
				INFOPLIST_FILE = "jumping soonansTests/Info.plist";
				IPHONEOS_DEPLOYMENT_TARGET = 13.4;
				LD_RUNPATH_SEARCH_PATHS = (
					"$(inherited)",
					"@executable_path/Frameworks",
					"@loader_path/Frameworks",
				);
				PRODUCT_BUNDLE_IDENTIFIER = "com.manabu.abe.jumping-soonansTests";
				PRODUCT_NAME = "$(TARGET_NAME)";
				SWIFT_VERSION = 5.0;
				TARGETED_DEVICE_FAMILY = "1,2";
				TEST_HOST = "$(BUILT_PRODUCTS_DIR)/jumping soonans.app/jumping soonans";
			};
			name = Debug;
		};
		4E507E99242C755E00FE2AC0 /* Release */ = {
			isa = XCBuildConfiguration;
			buildSettings = {
				ALWAYS_EMBED_SWIFT_STANDARD_LIBRARIES = YES;
				BUNDLE_LOADER = "$(TEST_HOST)";
				CODE_SIGN_STYLE = Automatic;
				DEVELOPMENT_TEAM = 696D4PDPNP;
				INFOPLIST_FILE = "jumping soonansTests/Info.plist";
				IPHONEOS_DEPLOYMENT_TARGET = 13.4;
				LD_RUNPATH_SEARCH_PATHS = (
					"$(inherited)",
					"@executable_path/Frameworks",
					"@loader_path/Frameworks",
				);
				PRODUCT_BUNDLE_IDENTIFIER = "com.manabu.abe.jumping-soonansTests";
				PRODUCT_NAME = "$(TARGET_NAME)";
				SWIFT_VERSION = 5.0;
				TARGETED_DEVICE_FAMILY = "1,2";
				TEST_HOST = "$(BUILT_PRODUCTS_DIR)/jumping soonans.app/jumping soonans";
			};
			name = Release;
		};
		4E507E9B242C755E00FE2AC0 /* Debug */ = {
			isa = XCBuildConfiguration;
			buildSettings = {
				ALWAYS_EMBED_SWIFT_STANDARD_LIBRARIES = YES;
				CODE_SIGN_STYLE = Automatic;
				DEVELOPMENT_TEAM = 696D4PDPNP;
				INFOPLIST_FILE = "jumping soonansUITests/Info.plist";
				LD_RUNPATH_SEARCH_PATHS = (
					"$(inherited)",
					"@executable_path/Frameworks",
					"@loader_path/Frameworks",
				);
				PRODUCT_BUNDLE_IDENTIFIER = "com.manabu.abe.jumping-soonansUITests";
				PRODUCT_NAME = "$(TARGET_NAME)";
				SWIFT_VERSION = 5.0;
				TARGETED_DEVICE_FAMILY = "1,2";
				TEST_TARGET_NAME = "jumping soonans";
			};
			name = Debug;
		};
		4E507E9C242C755E00FE2AC0 /* Release */ = {
			isa = XCBuildConfiguration;
			buildSettings = {
				ALWAYS_EMBED_SWIFT_STANDARD_LIBRARIES = YES;
				CODE_SIGN_STYLE = Automatic;
				DEVELOPMENT_TEAM = 696D4PDPNP;
				INFOPLIST_FILE = "jumping soonansUITests/Info.plist";
				LD_RUNPATH_SEARCH_PATHS = (
					"$(inherited)",
					"@executable_path/Frameworks",
					"@loader_path/Frameworks",
				);
				PRODUCT_BUNDLE_IDENTIFIER = "com.manabu.abe.jumping-soonansUITests";
				PRODUCT_NAME = "$(TARGET_NAME)";
				SWIFT_VERSION = 5.0;
				TARGETED_DEVICE_FAMILY = "1,2";
				TEST_TARGET_NAME = "jumping soonans";
			};
			name = Release;
		};
/* End XCBuildConfiguration section */

/* Begin XCConfigurationList section */
		4E507E61242C755C00FE2AC0 /* Build configuration list for PBXProject "jumping soonans" */ = {
			isa = XCConfigurationList;
			buildConfigurations = (
				4E507E92242C755E00FE2AC0 /* Debug */,
				4E507E93242C755E00FE2AC0 /* Release */,
			);
			defaultConfigurationIsVisible = 0;
			defaultConfigurationName = Release;
		};
		4E507E94242C755E00FE2AC0 /* Build configuration list for PBXNativeTarget "jumping soonans" */ = {
			isa = XCConfigurationList;
			buildConfigurations = (
				4E507E95242C755E00FE2AC0 /* Debug */,
				4E507E96242C755E00FE2AC0 /* Release */,
			);
			defaultConfigurationIsVisible = 0;
			defaultConfigurationName = Release;
		};
		4E507E97242C755E00FE2AC0 /* Build configuration list for PBXNativeTarget "jumping soonansTests" */ = {
			isa = XCConfigurationList;
			buildConfigurations = (
				4E507E98242C755E00FE2AC0 /* Debug */,
				4E507E99242C755E00FE2AC0 /* Release */,
			);
			defaultConfigurationIsVisible = 0;
			defaultConfigurationName = Release;
		};
		4E507E9A242C755E00FE2AC0 /* Build configuration list for PBXNativeTarget "jumping soonansUITests" */ = {
			isa = XCConfigurationList;
			buildConfigurations = (
				4E507E9B242C755E00FE2AC0 /* Debug */,
				4E507E9C242C755E00FE2AC0 /* Release */,
			);
			defaultConfigurationIsVisible = 0;
			defaultConfigurationName = Release;
		};
/* End XCConfigurationList section */
	};
	rootObject = 4E507E5E242C755C00FE2AC0 /* Project object */;
}
